
Microsoft Visual Studio Solution File, Format Version 12.00
# Visual Studio Version 17
VisualStudioVersion = 17.4.33110.190
MinimumVisualStudioVersion = 10.0.40219.1
Project("{9A19103F-16F7-4668-BE54-9A1E7A4F7556}") = "ShoppingList", "ShoppingList\ShoppingList.csproj", "{5B4B32D7-0CC8-4E19-BD53-B6564377CEAC}"
EndProject
Project("{9A19103F-16F7-4668-BE54-9A1E7A4F7556}") = "ShoppingList.Infastructure", "ShoppingList.Database\ShoppingList.Infastructure.csproj", "{0D8C277C-5F61-4C52-84FE-C39ED0667846}"
EndProject
Project("{9A19103F-16F7-4668-BE54-9A1E7A4F7556}") = "ShoppingList.Core", "ShoppingList.Core\ShoppingList.Core.csproj", "{166BF3EA-9353-488B-870F-CA34741F17B0}"
EndProject
Project("{9A19103F-16F7-4668-BE54-9A1E7A4F7556}") = "ShoppingList.Infastructure.Tests", "ShoppingList.Core.Tests\ShoppingList.Infastructure.Tests.csproj", "{6781F48B-B75E-4300-8AB8-48AF34FD9423}"
EndProject
Project("{9A19103F-16F7-4668-BE54-9A1E7A4F7556}") = "ShoppingList.WebApi", "ShoppingList.WebApi\ShoppingList.WebApi.csproj", "{72A0D114-0561-41B5-9027-631836384BA1}"
EndProject
Project("{9A19103F-16F7-4668-BE54-9A1E7A4F7556}") = "ShoppingList.WebApi.Tests", "ShoppingList.WebApi.Tests\ShoppingList.WebApi.Tests.csproj", "{A3466254-5D98-4572-8D42-4F3260FACB29}"
EndProject
Project("{FAE04EC0-301F-11D3-BF4B-00C04F79EFBC}") = "ShoppingList.App", "ShoppingList.App\ShoppingList.App.csproj", "{A3A60AD7-20A5-430A-B2A5-4A19DCDEBD7C}"
EndProject
Global
	GlobalSection(SolutionConfigurationPlatforms) = preSolution
		Debug|Any CPU = Debug|Any CPU
		Release|Any CPU = Release|Any CPU
	EndGlobalSection
	GlobalSection(ProjectConfigurationPlatforms) = postSolution
		{5B4B32D7-0CC8-4E19-BD53-B6564377CEAC}.Debug|Any CPU.ActiveCfg = Debug|Any CPU
		{5B4B32D7-0CC8-4E19-BD53-B6564377CEAC}.Debug|Any CPU.Build.0 = Debug|Any CPU
		{5B4B32D7-0CC8-4E19-BD53-B6564377CEAC}.Release|Any CPU.ActiveCfg = Release|Any CPU
		{5B4B32D7-0CC8-4E19-BD53-B6564377CEAC}.Release|Any CPU.Build.0 = Release|Any CPU
		{0D8C277C-5F61-4C52-84FE-C39ED0667846}.Debug|Any CPU.ActiveCfg = Debug|Any CPU
		{0D8C277C-5F61-4C52-84FE-C39ED0667846}.Debug|Any CPU.Build.0 = Debug|Any CPU
		{0D8C277C-5F61-4C52-84FE-C39ED0667846}.Release|Any CPU.ActiveCfg = Release|Any CPU
		{0D8C277C-5F61-4C52-84FE-C39ED0667846}.Release|Any CPU.Build.0 = Release|Any CPU
		{166BF3EA-9353-488B-870F-CA34741F17B0}.Debug|Any CPU.ActiveCfg = Debug|Any CPU
		{166BF3EA-9353-488B-870F-CA34741F17B0}.Debug|Any CPU.Build.0 = Debug|Any CPU
		{166BF3EA-9353-488B-870F-CA34741F17B0}.Release|Any CPU.ActiveCfg = Release|Any CPU
		{166BF3EA-9353-488B-870F-CA34741F17B0}.Release|Any CPU.Build.0 = Release|Any CPU
		{6781F48B-B75E-4300-8AB8-48AF34FD9423}.Debug|Any CPU.ActiveCfg = Debug|Any CPU
		{6781F48B-B75E-4300-8AB8-48AF34FD9423}.Debug|Any CPU.Build.0 = Debug|Any CPU
		{6781F48B-B75E-4300-8AB8-48AF34FD9423}.Release|Any CPU.ActiveCfg = Release|Any CPU
		{6781F48B-B75E-4300-8AB8-48AF34FD9423}.Release|Any CPU.Build.0 = Release|Any CPU
		{72A0D114-0561-41B5-9027-631836384BA1}.Debug|Any CPU.ActiveCfg = Debug|Any CPU
		{72A0D114-0561-41B5-9027-631836384BA1}.Debug|Any CPU.Build.0 = Debug|Any CPU
		{72A0D114-0561-41B5-9027-631836384BA1}.Release|Any CPU.ActiveCfg = Release|Any CPU
		{72A0D114-0561-41B5-9027-631836384BA1}.Release|Any CPU.Build.0 = Release|Any CPU
		{A3466254-5D98-4572-8D42-4F3260FACB29}.Debug|Any CPU.ActiveCfg = Debug|Any CPU
		{A3466254-5D98-4572-8D42-4F3260FACB29}.Debug|Any CPU.Build.0 = Debug|Any CPU
		{A3466254-5D98-4572-8D42-4F3260FACB29}.Release|Any CPU.ActiveCfg = Release|Any CPU
		{A3466254-5D98-4572-8D42-4F3260FACB29}.Release|Any CPU.Build.0 = Release|Any CPU
		{A3A60AD7-20A5-430A-B2A5-4A19DCDEBD7C}.Debug|Any CPU.ActiveCfg = Debug|Any CPU
		{A3A60AD7-20A5-430A-B2A5-4A19DCDEBD7C}.Debug|Any CPU.Build.0 = Debug|Any CPU
		{A3A60AD7-20A5-430A-B2A5-4A19DCDEBD7C}.Debug|Any CPU.Deploy.0 = Debug|Any CPU
		{A3A60AD7-20A5-430A-B2A5-4A19DCDEBD7C}.Release|Any CPU.ActiveCfg = Release|Any CPU
		{A3A60AD7-20A5-430A-B2A5-4A19DCDEBD7C}.Release|Any CPU.Build.0 = Release|Any CPU
		{A3A60AD7-20A5-430A-B2A5-4A19DCDEBD7C}.Release|Any CPU.Deploy.0 = Release|Any CPU
	EndGlobalSection
	GlobalSection(SolutionProperties) = preSolution
		HideSolutionNode = FALSE
	EndGlobalSection
	GlobalSection(ExtensibilityGlobals) = postSolution
		SolutionGuid = {8D9BF0E9-20DD-4A9F-842B-ABE13BF5BAE0}
	EndGlobalSection
EndGlobal
